// !$*UTF8*$!
{
	archiveVersion = 1;
	classes = {
	};
	objectVersion = 48;
	objects = {

/* Begin PBXBuildFile section */
		4957F40B1FE681FC00858A2F /* ResultViewController.swift in Sources */ = {isa = PBXBuildFile; fileRef = 4957F40A1FE681FC00858A2F /* ResultViewController.swift */; };
		496A25BD1FDFB5050068157A /* AppDelegate.swift in Sources */ = {isa = PBXBuildFile; fileRef = 496A25BC1FDFB5050068157A /* AppDelegate.swift */; };
		496A25BF1FDFB5050068157A /* ViewController.swift in Sources */ = {isa = PBXBuildFile; fileRef = 496A25BE1FDFB5050068157A /* ViewController.swift */; };
		496A25C21FDFB5050068157A /* Main.storyboard in Resources */ = {isa = PBXBuildFile; fileRef = 496A25C01FDFB5050068157A /* Main.storyboard */; };
		496A25C41FDFB5050068157A /* Assets.xcassets in Resources */ = {isa = PBXBuildFile; fileRef = 496A25C31FDFB5050068157A /* Assets.xcassets */; };
		496A25C71FDFB5050068157A /* LaunchScreen.storyboard in Resources */ = {isa = PBXBuildFile; fileRef = 496A25C51FDFB5050068157A /* LaunchScreen.storyboard */; };
		49735AD01FF204E700C8BBE4 /* IMG_6658.jpg in Resources */ = {isa = PBXBuildFile; fileRef = 49735ACB1FF204E600C8BBE4 /* IMG_6658.jpg */; };
		49735AD11FF204E700C8BBE4 /* IMG_6680.jpg in Resources */ = {isa = PBXBuildFile; fileRef = 49735ACC1FF204E700C8BBE4 /* IMG_6680.jpg */; };
		49735AD21FF204E700C8BBE4 /* IMG_6675.jpg in Resources */ = {isa = PBXBuildFile; fileRef = 49735ACD1FF204E700C8BBE4 /* IMG_6675.jpg */; };
		49735AD31FF204E700C8BBE4 /* IMG_6716.jpg in Resources */ = {isa = PBXBuildFile; fileRef = 49735ACE1FF204E700C8BBE4 /* IMG_6716.jpg */; };
		49735AD41FF204E700C8BBE4 /* IMG_6671.jpg in Resources */ = {isa = PBXBuildFile; fileRef = 49735ACF1FF204E700C8BBE4 /* IMG_6671.jpg */; };
/* End PBXBuildFile section */

/* Begin PBXFileReference section */
		4957F40A1FE681FC00858A2F /* ResultViewController.swift */ = {isa = PBXFileReference; lastKnownFileType = sourcecode.swift; path = ResultViewController.swift; sourceTree = "<group>"; };
		496A25B91FDFB5050068157A /* SlideshowApp.app */ = {isa = PBXFileReference; explicitFileType = wrapper.application; includeInIndex = 0; path = SlideshowApp.app; sourceTree = BUILT_PRODUCTS_DIR; };
		496A25BC1FDFB5050068157A /* AppDelegate.swift */ = {isa = PBXFileReference; lastKnownFileType = sourcecode.swift; path = AppDelegate.swift; sourceTree = "<group>"; };
		496A25BE1FDFB5050068157A /* ViewController.swift */ = {isa = PBXFileReference; lastKnownFileType = sourcecode.swift; path = ViewController.swift; sourceTree = "<group>"; };
		496A25C11FDFB5050068157A /* Base */ = {isa = PBXFileReference; lastKnownFileType = file.storyboard; name = Base; path = Base.lproj/Main.storyboard; sourceTree = "<group>"; };
		496A25C31FDFB5050068157A /* Assets.xcassets */ = {isa = PBXFileReference; lastKnownFileType = folder.assetcatalog; path = Assets.xcassets; sourceTree = "<group>"; };
		496A25C61FDFB5050068157A /* Base */ = {isa = PBXFileReference; lastKnownFileType = file.storyboard; name = Base; path = Base.lproj/LaunchScreen.storyboard; sourceTree = "<group>"; };
		496A25C81FDFB5050068157A /* Info.plist */ = {isa = PBXFileReference; lastKnownFileType = text.plist.xml; path = Info.plist; sourceTree = "<group>"; };
		49735ACB1FF204E600C8BBE4 /* IMG_6658.jpg */ = {isa = PBXFileReference; lastKnownFileType = image.jpeg; path = IMG_6658.jpg; sourceTree = SOURCE_ROOT; };
		49735ACC1FF204E700C8BBE4 /* IMG_6680.jpg */ = {isa = PBXFileReference; lastKnownFileType = image.jpeg; path = IMG_6680.jpg; sourceTree = SOURCE_ROOT; };
		49735ACD1FF204E700C8BBE4 /* IMG_6675.jpg */ = {isa = PBXFileReference; lastKnownFileType = image.jpeg; path = IMG_6675.jpg; sourceTree = SOURCE_ROOT; };
		49735ACE1FF204E700C8BBE4 /* IMG_6716.jpg */ = {isa = PBXFileReference; lastKnownFileType = image.jpeg; path = IMG_6716.jpg; sourceTree = SOURCE_ROOT; };
		49735ACF1FF204E700C8BBE4 /* IMG_6671.jpg */ = {isa = PBXFileReference; lastKnownFileType = image.jpeg; path = IMG_6671.jpg; sourceTree = SOURCE_ROOT; };
/* End PBXFileReference section */

/* Begin PBXFrameworksBuildPhase section */
		496A25B61FDFB5050068157A /* Frameworks */ = {
			isa = PBXFrameworksBuildPhase;
			buildActionMask = 2147483647;
			files = (
			);
			runOnlyForDeploymentPostprocessing = 0;
		};
/* End PBXFrameworksBuildPhase section */

/* Begin PBXGroup section */
		496A25B01FDFB5050068157A = {
			isa = PBXGroup;
			children = (
				496A25BB1FDFB5050068157A /* SlideshowApp */,
				496A25BA1FDFB5050068157A /* Products */,
			);
			sourceTree = "<group>";
		};
		496A25BA1FDFB5050068157A /* Products */ = {
			isa = PBXGroup;
			children = (
				496A25B91FDFB5050068157A /* SlideshowApp.app */,
			);
			name = Products;
			sourceTree = "<group>";
		};
		496A25BB1FDFB5050068157A /* SlideshowApp */ = {
			isa = PBXGroup;
			children = (
				496A25BC1FDFB5050068157A /* AppDelegate.swift */,
				496A25BE1FDFB5050068157A /* ViewController.swift */,
				496A25C01FDFB5050068157A /* Main.storyboard */,
				4957F40A1FE681FC00858A2F /* ResultViewController.swift */,
				496A25C31FDFB5050068157A /* Assets.xcassets */,
				496A25C51FDFB5050068157A /* LaunchScreen.storyboard */,
				496A25C81FDFB5050068157A /* Info.plist */,
				49735ACB1FF204E600C8BBE4 /* IMG_6658.jpg */,
				49735ACF1FF204E700C8BBE4 /* IMG_6671.jpg */,
				49735ACD1FF204E700C8BBE4 /* IMG_6675.jpg */,
				49735ACC1FF204E700C8BBE4 /* IMG_6680.jpg */,
				49735ACE1FF204E700C8BBE4 /* IMG_6716.jpg */,
			);
			path = SlideshowApp;
			sourceTree = "<group>";
		};
/* End PBXGroup section */

/* Begin PBXNativeTarget section */
		496A25B81FDFB5050068157A /* SlideshowApp */ = {
			isa = PBXNativeTarget;
			buildConfigurationList = 496A25CB1FDFB5050068157A /* Build configuration list for PBXNativeTarget "SlideshowApp" */;
			buildPhases = (
				496A25B51FDFB5050068157A /* Sources */,
				496A25B61FDFB5050068157A /* Frameworks */,
				496A25B71FDFB5050068157A /* Resources */,
			);
			buildRules = (
			);
			dependencies = (
			);
			name = SlideshowApp;
			productName = SlideshowApp;
			productReference = 496A25B91FDFB5050068157A /* SlideshowApp.app */;
			productType = "com.apple.product-type.application";
		};
/* End PBXNativeTarget section */

/* Begin PBXProject section */
		496A25B11FDFB5050068157A /* Project object */ = {
			isa = PBXProject;
			attributes = {
				LastSwiftUpdateCheck = 0920;
				LastUpgradeCheck = 0920;
				ORGANIZATIONNAME = "Kamioka Harufumi";
				TargetAttributes = {
					496A25B81FDFB5050068157A = {
						CreatedOnToolsVersion = 9.2;
						ProvisioningStyle = Automatic;
					};
				};
			};
			buildConfigurationList = 496A25B41FDFB5050068157A /* Build configuration list for PBXProject "SlideshowApp" */;
			compatibilityVersion = "Xcode 8.0";
			developmentRegion = en;
			hasScannedForEncodings = 0;
			knownRegions = (
				en,
				Base,
			);
			mainGroup = 496A25B01FDFB5050068157A;
			productRefGroup = 496A25BA1FDFB5050068157A /* Products */;
			projectDirPath = "";
			projectRoot = "";
			targets = (
				496A25B81FDFB5050068157A /* SlideshowApp */,
			);
		};
/* End PBXProject section */

/* Begin PBXResourcesBuildPhase section */
		496A25B71FDFB5050068157A /* Resources */ = {
			isa = PBXResourcesBuildPhase;
			buildActionMask = 2147483647;
			files = (
				49735AD01FF204E700C8BBE4 /* IMG_6658.jpg in Resources */,
				496A25C71FDFB5050068157A /* LaunchScreen.storyboard in Resources */,
				496A25C41FDFB5050068157A /* Assets.xcassets in Resources */,
				49735AD41FF204E700C8BBE4 /* IMG_6671.jpg in Resources */,
				496A25C21FDFB5050068157A /* Main.storyboard in Resources */,
				49735AD31FF204E700C8BBE4 /* IMG_6716.jpg in Resources */,
				49735AD11FF204E700C8BBE4 /* IMG_6680.jpg in Resources */,
				49735AD21FF204E700C8BBE4 /* IMG_6675.jpg in Resources */,
			);
			runOnlyForDeploymentPostprocessing = 0;
		};
/* End PBXResourcesBuildPhase section */

/* Begin PBXSourcesBuildPhase section */
		496A25B51FDFB5050068157A /* Sources */ = {
			isa = PBXSourcesBuildPhase;
			buildActionMask = 2147483647;
			files = (
				496A25BF1FDFB5050068157A /* ViewController.swift in Sources */,
				496A25BD1FDFB5050068157A /* AppDelegate.swift in Sources */,
				4957F40B1FE681FC00858A2F /* ResultViewController.swift in Sources */,
			);
			runOnlyForDeploymentPostprocessing = 0;
		};
/* End PBXSourcesBuildPhase section */

/* Begin PBXVariantGroup section */
		496A25C01FDFB5050068157A /* Main.storyboard */ = {
			isa = PBXVariantGroup;
			children = (
				496A25C11FDFB5050068157A /* Base */,
			);
			name = Main.storyboard;
			sourceTree = "<group>";
		};
		496A25C51FDFB5050068157A /* LaunchScreen.storyboard */ = {
			isa = PBXVariantGroup;
			children = (
				496A25C61FDFB5050068157A /* Base */,
			);
			name = LaunchScreen.storyboard;
			sourceTree = "<group>";
		};
/* End PBXVariantGroup section */

/* Begin XCBuildConfiguration section */
		496A25C91FDFB5050068157A /* Debug */ = {
			isa = XCBuildConfiguration;
			buildSettings = {
				ALWAYS_SEARCH_USER_PATHS = NO;
				CLANG_ANALYZER_NONNULL = YES;
				CLANG_ANALYZER_NUMBER_OBJECT_CONVERSION = YES_AGGRESSIVE;
				CLANG_CXX_LANGUAGE_STANDARD = "gnu++14";
				CLANG_CXX_LIBRARY = "libc++";
				CLANG_ENABLE_MODULES = YES;
				CLANG_ENABLE_OBJC_ARC = YES;
				CLANG_WARN_BLOCK_CAPTURE_AUTORELEASING = YES;
				CLANG_WARN_BOOL_CONVERSION = YES;
				CLANG_WARN_COMMA = YES;
				CLANG_WARN_CONSTANT_CONVERSION = YES;
				CLANG_WARN_DIRECT_OBJC_ISA_USAGE = YES_ERROR;
				CLANG_WARN_DOCUMENTATION_COMMENTS = YES;
				CLANG_WARN_EMPTY_BODY = YES;
				CLANG_WARN_ENUM_CONVERSION = YES;
				CLANG_WARN_INFINITE_RECURSION = YES;
				CLANG_WARN_INT_CONVERSION = YES;
				CLANG_WARN_NON_LITERAL_NULL_CONVERSION = YES;
				CLANG_WARN_OBJC_LITERAL_CONVERSION = YES;
				CLANG_WARN_OBJC_ROOT_CLASS = YES_ERROR;
				CLANG_WARN_RANGE_LOOP_ANALYSIS = YES;
				CLANG_WARN_STRICT_PROTOTYPES = YES;
				CLANG_WARN_SUSPICIOUS_MOVE = YES;
				CLANG_WARN_UNGUARDED_AVAILABILITY = YES_AGGRESSIVE;
				CLANG_WARN_UNREACHABLE_CODE = YES;
				CLANG_WARN__DUPLICATE_METHOD_MATCH = YES;
				CODE_SIGN_IDENTITY = "iPhone Developer";
				COPY_PHASE_STRIP = NO;
				DEBUG_INFORMATION_FORMAT = dwarf;
				ENABLE_STRICT_OBJC_MSGSEND = YES;
				ENABLE_TESTABILITY = YES;
				GCC_C_LANGUAGE_STANDARD = gnu11;
				GCC_DYNAMIC_NO_PIC = NO;
				GCC_NO_COMMON_BLOCKS = YES;
				GCC_OPTIMIZATION_LEVEL = 0;
				GCC_PREPROCESSOR_DEFINITIONS = (
					"DEBUG=1",
					"$(inherited)",
				);
				GCC_WARN_64_TO_32_BIT_CONVERSION = YES;
				GCC_WARN_ABOUT_RETURN_TYPE = YES_ERROR;
				GCC_WARN_UNDECLARED_SELECTOR = YES;
				GCC_WARN_UNINITIALIZED_AUTOS = YES_AGGRESSIVE;
				GCC_WARN_UNUSED_FUNCTION = YES;
				GCC_WARN_UNUSED_VARIABLE = YES;
				IPHONEOS_DEPLOYMENT_TARGET = 11.2;
				MTL_ENABLE_DEBUG_INFO = YES;
				ONLY_ACTIVE_ARCH = YES;
				SDKROOT = iphoneos;
				SWIFT_ACTIVE_COMPILATION_CONDITIONS = DEBUG;
				SWIFT_OPTIMIZATION_LEVEL = "-Onone";
			};
			name = Debug;
		};
		496A25CA1FDFB5050068157A /* Release */ = {
			isa = XCBuildConfiguration;
			buildSettings = {
				ALWAYS_SEARCH_USER_PATHS = NO;
				CLANG_ANALYZER_NONNULL = YES;
				CLANG_ANALYZER_NUMBER_OBJECT_CONVERSION = YES_AGGRESSIVE;
				CLANG_CXX_LANGUAGE_STANDARD = "gnu++14";
				CLANG_CXX_LIBRARY = "libc++";
				CLANG_ENABLE_MODULES = YES;
				CLANG_ENABLE_OBJC_ARC = YES;
				CLANG_WARN_BLOCK_CAPTURE_AUTORELEASING = YES;
				CLANG_WARN_BOOL_CONVERSION = YES;
				CLANG_WARN_COMMA = YES;
				CLANG_WARN_CONSTANT_CONVERSION = YES;
				CLANG_WARN_DIRECT_OBJC_ISA_USAGE = YES_ERROR;
				CLANG_WARN_DOCUMENTATION_COMMENTS = YES;
				CLANG_WARN_EMPTY_BODY = YES;
				CLANG_WARN_ENUM_CONVERSION = YES;
				CLANG_WARN_INFINITE_RECURSION = YES;
				CLANG_WARN_INT_CONVERSION = YES;
				CLANG_WARN_NON_LITERAL_NULL_CONVERSION = YES;
				CLANG_WARN_OBJC_LITERAL_CONVERSION = YES;
				CLANG_WARN_OBJC_ROOT_CLASS = YES_ERROR;
				CLANG_WARN_RANGE_LOOP_ANALYSIS = YES;
				CLANG_WARN_STRICT_PROTOTYPES = YES;
				CLANG_WARN_SUSPICIOUS_MOVE = YES;
				CLANG_WARN_UNGUARDED_AVAILABILITY = YES_AGGRESSIVE;
				CLANG_WARN_UNREACHABLE_CODE = YES;
				CLANG_WARN__DUPLICATE_METHOD_MATCH = YES;
				CODE_SIGN_IDENTITY = "iPhone Developer";
				COPY_PHASE_STRIP = NO;
				DEBUG_INFORMATION_FORMAT = "dwarf-with-dsym";
				ENABLE_NS_ASSERTIONS = NO;
				ENABLE_STRICT_OBJC_MSGSEND = YES;
				GCC_C_LANGUAGE_STANDARD = gnu11;
				GCC_NO_COMMON_BLOCKS = YES;
				GCC_WARN_64_TO_32_BIT_CONVERSION = YES;
				GCC_WARN_ABOUT_RETURN_TYPE = YES_ERROR;
				GCC_WARN_UNDECLARED_SELECTOR = YES;
				GCC_WARN_UNINITIALIZED_AUTOS = YES_AGGRESSIVE;
				GCC_WARN_UNUSED_FUNCTION = YES;
				GCC_WARN_UNUSED_VARIABLE = YES;
				IPHONEOS_DEPLOYMENT_TARGET = 11.2;
				MTL_ENABLE_DEBUG_INFO = NO;
				SDKROOT = iphoneos;
				SWIFT_OPTIMIZATION_LEVEL = "-Owholemodule";
				VALIDATE_PRODUCT = YES;
			};
			name = Release;
		};
		496A25CC1FDFB5050068157A /* Debug */ = {
			isa = XCBuildConfiguration;
			buildSettings = {
				ASSETCATALOG_COMPILER_APPICON_NAME = AppIcon;
				CODE_SIGN_STYLE = Automatic;
				INFOPLIST_FILE = SlideshowApp/Info.plist;
				LD_RUNPATH_SEARCH_PATHS = "$(inherited) @executable_path/Frameworks";
				PRODUCT_BUNDLE_IDENTIFIER = jp.techacademy.harufumi.kamioka.SlideshowApp;
				PRODUCT_NAME = "$(TARGET_NAME)";
				SWIFT_VERSION = 4.0;
				TARGETED_DEVICE_FAMILY = "1,2";
			};
			name = Debug;
		};
		496A25CD1FDFB5050068157A /* Release */ = {
			isa = XCBuildConfiguration;
			buildSettings = {
				ASSETCATALOG_COMPILER_APPICON_NAME = AppIcon;
				CODE_SIGN_STYLE = Automatic;
				INFOPLIST_FILE = SlideshowApp/Info.plist;
				LD_RUNPATH_SEARCH_PATHS = "$(inherited) @executable_path/Frameworks";
				PRODUCT_BUNDLE_IDENTIFIER = jp.techacademy.harufumi.kamioka.SlideshowApp;
				PRODUCT_NAME = "$(TARGET_NAME)";
				SWIFT_VERSION = 4.0;
				TARGETED_DEVICE_FAMILY = "1,2";
			};
			name = Release;
		};
/* End XCBuildConfiguration section */

/* Begin XCConfigurationList section */
		496A25B41FDFB5050068157A /* Build configuration list for PBXProject "SlideshowApp" */ = {
			isa = XCConfigurationList;
			buildConfigurations = (
				496A25C91FDFB5050068157A /* Debug */,
				496A25CA1FDFB5050068157A /* Release */,
			);
			defaultConfigurationIsVisible = 0;
			defaultConfigurationName = Release;
		};
		496A25CB1FDFB5050068157A /* Build configuration list for PBXNativeTarget "SlideshowApp" */ = {
			isa = XCConfigurationList;
			buildConfigurations = (
				496A25CC1FDFB5050068157A /* Debug */,
				496A25CD1FDFB5050068157A /* Release */,
			);
			defaultConfigurationIsVisible = 0;
			defaultConfigurationName = Release;
		};
/* End XCConfigurationList section */
	};
	rootObject = 496A25B11FDFB5050068157A /* Project object */;
}
